
Microsoft Visual Studio Solution File, Format Version 12.00
# Visual Studio Version 17
VisualStudioVersion = 17.3.32929.385
MinimumVisualStudioVersion = 10.0.40219.1
Project("{9A19103F-16F7-4668-BE54-9A1E7A4F7556}") = "IocDemo.Bootstrapper", "IocDemo.Bootstrapper\IocDemo.Bootstrapper.csproj", "{84549F57-0A5E-40A6-BF28-03E31B1F22F4}"
EndProject
Project("{9A19103F-16F7-4668-BE54-9A1E7A4F7556}") = "IocDemo.Business", "IocDemo.Business\IocDemo.Business.csproj", "{3A33CCD9-F8FE-47C0-A673-B903916C8BB3}"
EndProject
Project("{9A19103F-16F7-4668-BE54-9A1E7A4F7556}") = "IocDemo.Presentation", "IocDemo.Presentation\IocDemo.Presentation.csproj", "{8012A2C8-A369-430D-8E51-DF0FBC625A47}"
EndProject
Project("{FAE04EC0-301F-11D3-BF4B-00C04F79EFBC}") = "IocDemo.DataAccess", "IocDemo.DataAccess\IocDemo.DataAccess.csproj", "{BD6A858A-B3B3-43DE-92C0-895B032245D7}"
EndProject
Global
	GlobalSection(SolutionConfigurationPlatforms) = preSolution
		Debug|Any CPU = Debug|Any CPU
		Release|Any CPU = Release|Any CPU
	EndGlobalSection
	GlobalSection(ProjectConfigurationPlatforms) = postSolution
		{84549F57-0A5E-40A6-BF28-03E31B1F22F4}.Debug|Any CPU.ActiveCfg = Debug|Any CPU
		{84549F57-0A5E-40A6-BF28-03E31B1F22F4}.Debug|Any CPU.Build.0 = Debug|Any CPU
		{84549F57-0A5E-40A6-BF28-03E31B1F22F4}.Release|Any CPU.ActiveCfg = Release|Any CPU
		{84549F57-0A5E-40A6-BF28-03E31B1F22F4}.Release|Any CPU.Build.0 = Release|Any CPU
		{3A33CCD9-F8FE-47C0-A673-B903916C8BB3}.Debug|Any CPU.ActiveCfg = Debug|Any CPU
		{3A33CCD9-F8FE-47C0-A673-B903916C8BB3}.Debug|Any CPU.Build.0 = Debug|Any CPU
		{3A33CCD9-F8FE-47C0-A673-B903916C8BB3}.Release|Any CPU.ActiveCfg = Release|Any CPU
		{3A33CCD9-F8FE-47C0-A673-B903916C8BB3}.Release|Any CPU.Build.0 = Release|Any CPU
		{8012A2C8-A369-430D-8E51-DF0FBC625A47}.Debug|Any CPU.ActiveCfg = Debug|Any CPU
		{8012A2C8-A369-430D-8E51-DF0FBC625A47}.Debug|Any CPU.Build.0 = Debug|Any CPU
		{8012A2C8-A369-430D-8E51-DF0FBC625A47}.Release|Any CPU.ActiveCfg = Release|Any CPU
		{8012A2C8-A369-430D-8E51-DF0FBC625A47}.Release|Any CPU.Build.0 = Release|Any CPU
		{BD6A858A-B3B3-43DE-92C0-895B032245D7}.Debug|Any CPU.ActiveCfg = Debug|Any CPU
		{BD6A858A-B3B3-43DE-92C0-895B032245D7}.Debug|Any CPU.Build.0 = Debug|Any CPU
		{BD6A858A-B3B3-43DE-92C0-895B032245D7}.Release|Any CPU.ActiveCfg = Release|Any CPU
		{BD6A858A-B3B3-43DE-92C0-895B032245D7}.Release|Any CPU.Build.0 = Release|Any CPU
	EndGlobalSection
	GlobalSection(SolutionProperties) = preSolution
		HideSolutionNode = FALSE
	EndGlobalSection
	GlobalSection(ExtensibilityGlobals) = postSolution
		SolutionGuid = {DCB0C711-3C8E-4FEB-ACE7-961D60939CF3}
	EndGlobalSection
EndGlobal
